// !$*UTF8*$!
{
	archiveVersion = 1;
	classes = {
	};
	objectVersion = 50;
	objects = {

/* Begin PBXBuildFile section */
		532287F8257BFB3C0066D50F /* User.swift in Sources */ = {isa = PBXBuildFile; fileRef = 532287F7257BFB3C0066D50F /* User.swift */; };
		532287FE257BFD2C0066D50F /* UserLocation.swift in Sources */ = {isa = PBXBuildFile; fileRef = 532287FD257BFD2C0066D50F /* UserLocation.swift */; };
		53228801257BFD6B0066D50F /* JSON_Decodable.swift in Sources */ = {isa = PBXBuildFile; fileRef = 53228800257BFD6B0066D50F /* JSON_Decodable.swift */; };
		5335B9BF257BF8C60060F050 /* TableView_DataSource.swift in Sources */ = {isa = PBXBuildFile; fileRef = 5335B9BE257BF8C60060F050 /* TableView_DataSource.swift */; };
		5335B9C3257BF9010060F050 /* TableView_Delegate.swift in Sources */ = {isa = PBXBuildFile; fileRef = 5335B9C2257BF9010060F050 /* TableView_Delegate.swift */; };
		5373C630257BF5B80021CF06 /* Table+View.swift in Sources */ = {isa = PBXBuildFile; fileRef = 5373C62F257BF5B80021CF06 /* Table+View.swift */; };
		5373C636257BF6730021CF06 /* Table_View_Constraints.swift in Sources */ = {isa = PBXBuildFile; fileRef = 5373C635257BF6730021CF06 /* Table_View_Constraints.swift */; };
		53A32BBB257C61B600D2EC6A /* JSONCell.swift in Sources */ = {isa = PBXBuildFile; fileRef = 53A32BBA257C61B600D2EC6A /* JSONCell.swift */; };
		53A32BC0257C639E00D2EC6A /* NameLabel.swift in Sources */ = {isa = PBXBuildFile; fileRef = 53A32BBF257C639E00D2EC6A /* NameLabel.swift */; };
		53A32BC4257C63A600D2EC6A /* EmailLabel.swift in Sources */ = {isa = PBXBuildFile; fileRef = 53A32BC3257C63A600D2EC6A /* EmailLabel.swift */; };
		53A32BC7257C64DD00D2EC6A /* LabelConstraints.swift in Sources */ = {isa = PBXBuildFile; fileRef = 53A32BC6257C64DD00D2EC6A /* LabelConstraints.swift */; };
		53C963B0257B05AD00F2965D /* AppDelegate.swift in Sources */ = {isa = PBXBuildFile; fileRef = 53C963AF257B05AD00F2965D /* AppDelegate.swift */; };
		53C963B2257B05AD00F2965D /* SceneDelegate.swift in Sources */ = {isa = PBXBuildFile; fileRef = 53C963B1257B05AD00F2965D /* SceneDelegate.swift */; };
		53C963B4257B05AD00F2965D /* UserController.swift in Sources */ = {isa = PBXBuildFile; fileRef = 53C963B3257B05AD00F2965D /* UserController.swift */; };
		53C963B9257B05AE00F2965D /* Assets.xcassets in Resources */ = {isa = PBXBuildFile; fileRef = 53C963B8257B05AE00F2965D /* Assets.xcassets */; };
		53C963BC257B05AE00F2965D /* LaunchScreen.storyboard in Resources */ = {isa = PBXBuildFile; fileRef = 53C963BA257B05AE00F2965D /* LaunchScreen.storyboard */; };
		53C963CD257B066100F2965D /* users.json in Resources */ = {isa = PBXBuildFile; fileRef = 53C963CC257B066100F2965D /* users.json */; };
		53C963D1257B07AE00F2965D /* Constants.swift in Sources */ = {isa = PBXBuildFile; fileRef = 53C963D0257B07AE00F2965D /* Constants.swift */; };
		53C963D8257B0C8E00F2965D /* BackgroundView_Extension.swift in Sources */ = {isa = PBXBuildFile; fileRef = 53C963D7257B0C8E00F2965D /* BackgroundView_Extension.swift */; };
		53EAB7FC257D2EE700085AA9 /* DetailScreen.swift in Sources */ = {isa = PBXBuildFile; fileRef = 53EAB7FB257D2EE700085AA9 /* DetailScreen.swift */; };
		53EAB800257D301C00085AA9 /* DetailScreenView.swift in Sources */ = {isa = PBXBuildFile; fileRef = 53EAB7FF257D301C00085AA9 /* DetailScreenView.swift */; };
		53EACE7E257D685C007CE6AF /* Detail_Info.swift in Sources */ = {isa = PBXBuildFile; fileRef = 53EACE7D257D685C007CE6AF /* Detail_Info.swift */; };
		53EACE82257D68D3007CE6AF /* Detail_Name_Label.swift in Sources */ = {isa = PBXBuildFile; fileRef = 53EACE81257D68D3007CE6AF /* Detail_Name_Label.swift */; };
		53EACE86257D68ED007CE6AF /* Detail+Email+Label.swift in Sources */ = {isa = PBXBuildFile; fileRef = 53EACE85257D68ED007CE6AF /* Detail+Email+Label.swift */; };
		53EACE89257D68FC007CE6AF /* Detail+Number+Label.swift in Sources */ = {isa = PBXBuildFile; fileRef = 53EACE88257D68FC007CE6AF /* Detail+Number+Label.swift */; };
		53EACE8D257D7122007CE6AF /* Pass_Data_Segue.swift in Sources */ = {isa = PBXBuildFile; fileRef = 53EACE8C257D7122007CE6AF /* Pass_Data_Segue.swift */; };
		53F8A0D2257C05300086A089 /* UserContact.swift in Sources */ = {isa = PBXBuildFile; fileRef = 53F8A0D1257C05300086A089 /* UserContact.swift */; };
/* End PBXBuildFile section */

/* Begin PBXFileReference section */
		532287F7257BFB3C0066D50F /* User.swift */ = {isa = PBXFileReference; lastKnownFileType = sourcecode.swift; path = User.swift; sourceTree = "<group>"; };
		532287FD257BFD2C0066D50F /* UserLocation.swift */ = {isa = PBXFileReference; lastKnownFileType = sourcecode.swift; path = UserLocation.swift; sourceTree = "<group>"; };
		53228800257BFD6B0066D50F /* JSON_Decodable.swift */ = {isa = PBXFileReference; lastKnownFileType = sourcecode.swift; path = JSON_Decodable.swift; sourceTree = "<group>"; };
		5335B9BE257BF8C60060F050 /* TableView_DataSource.swift */ = {isa = PBXFileReference; lastKnownFileType = sourcecode.swift; path = TableView_DataSource.swift; sourceTree = "<group>"; };
		5335B9C2257BF9010060F050 /* TableView_Delegate.swift */ = {isa = PBXFileReference; lastKnownFileType = sourcecode.swift; path = TableView_Delegate.swift; sourceTree = "<group>"; };
		5373C62F257BF5B80021CF06 /* Table+View.swift */ = {isa = PBXFileReference; lastKnownFileType = sourcecode.swift; path = "Table+View.swift"; sourceTree = "<group>"; };
		5373C635257BF6730021CF06 /* Table_View_Constraints.swift */ = {isa = PBXFileReference; lastKnownFileType = sourcecode.swift; path = Table_View_Constraints.swift; sourceTree = "<group>"; };
		53A32BBA257C61B600D2EC6A /* JSONCell.swift */ = {isa = PBXFileReference; lastKnownFileType = sourcecode.swift; path = JSONCell.swift; sourceTree = "<group>"; };
		53A32BBF257C639E00D2EC6A /* NameLabel.swift */ = {isa = PBXFileReference; lastKnownFileType = sourcecode.swift; path = NameLabel.swift; sourceTree = "<group>"; };
		53A32BC3257C63A600D2EC6A /* EmailLabel.swift */ = {isa = PBXFileReference; lastKnownFileType = sourcecode.swift; path = EmailLabel.swift; sourceTree = "<group>"; };
		53A32BC6257C64DD00D2EC6A /* LabelConstraints.swift */ = {isa = PBXFileReference; lastKnownFileType = sourcecode.swift; path = LabelConstraints.swift; sourceTree = "<group>"; };
		53C963AC257B05AD00F2965D /* UsersJSON.app */ = {isa = PBXFileReference; explicitFileType = wrapper.application; includeInIndex = 0; path = UsersJSON.app; sourceTree = BUILT_PRODUCTS_DIR; };
		53C963AF257B05AD00F2965D /* AppDelegate.swift */ = {isa = PBXFileReference; lastKnownFileType = sourcecode.swift; path = AppDelegate.swift; sourceTree = "<group>"; };
		53C963B1257B05AD00F2965D /* SceneDelegate.swift */ = {isa = PBXFileReference; lastKnownFileType = sourcecode.swift; path = SceneDelegate.swift; sourceTree = "<group>"; };
		53C963B3257B05AD00F2965D /* UserController.swift */ = {isa = PBXFileReference; lastKnownFileType = sourcecode.swift; path = UserController.swift; sourceTree = "<group>"; };
		53C963B8257B05AE00F2965D /* Assets.xcassets */ = {isa = PBXFileReference; lastKnownFileType = folder.assetcatalog; path = Assets.xcassets; sourceTree = "<group>"; };
		53C963BB257B05AE00F2965D /* Base */ = {isa = PBXFileReference; lastKnownFileType = file.storyboard; name = Base; path = Base.lproj/LaunchScreen.storyboard; sourceTree = "<group>"; };
		53C963BD257B05AE00F2965D /* Info.plist */ = {isa = PBXFileReference; lastKnownFileType = text.plist.xml; path = Info.plist; sourceTree = "<group>"; };
		53C963CC257B066100F2965D /* users.json */ = {isa = PBXFileReference; fileEncoding = 4; lastKnownFileType = text.json; path = users.json; sourceTree = "<group>"; };
		53C963D0257B07AE00F2965D /* Constants.swift */ = {isa = PBXFileReference; lastKnownFileType = sourcecode.swift; path = Constants.swift; sourceTree = "<group>"; };
		53C963D7257B0C8E00F2965D /* BackgroundView_Extension.swift */ = {isa = PBXFileReference; lastKnownFileType = sourcecode.swift; path = BackgroundView_Extension.swift; sourceTree = "<group>"; };
		53EAB7FB257D2EE700085AA9 /* DetailScreen.swift */ = {isa = PBXFileReference; lastKnownFileType = sourcecode.swift; path = DetailScreen.swift; sourceTree = "<group>"; };
		53EAB7FF257D301C00085AA9 /* DetailScreenView.swift */ = {isa = PBXFileReference; lastKnownFileType = sourcecode.swift; path = DetailScreenView.swift; sourceTree = "<group>"; };
		53EACE7D257D685C007CE6AF /* Detail_Info.swift */ = {isa = PBXFileReference; lastKnownFileType = sourcecode.swift; path = Detail_Info.swift; sourceTree = "<group>"; };
		53EACE81257D68D3007CE6AF /* Detail_Name_Label.swift */ = {isa = PBXFileReference; lastKnownFileType = sourcecode.swift; path = Detail_Name_Label.swift; sourceTree = "<group>"; };
		53EACE85257D68ED007CE6AF /* Detail+Email+Label.swift */ = {isa = PBXFileReference; lastKnownFileType = sourcecode.swift; path = "Detail+Email+Label.swift"; sourceTree = "<group>"; };
		53EACE88257D68FC007CE6AF /* Detail+Number+Label.swift */ = {isa = PBXFileReference; lastKnownFileType = sourcecode.swift; path = "Detail+Number+Label.swift"; sourceTree = "<group>"; };
		53EACE8C257D7122007CE6AF /* Pass_Data_Segue.swift */ = {isa = PBXFileReference; lastKnownFileType = sourcecode.swift; path = Pass_Data_Segue.swift; sourceTree = "<group>"; };
		53F8A0D1257C05300086A089 /* UserContact.swift */ = {isa = PBXFileReference; fileEncoding = 4; lastKnownFileType = sourcecode.swift; path = UserContact.swift; sourceTree = "<group>"; };
/* End PBXFileReference section */

/* Begin PBXFrameworksBuildPhase section */
		53C963A9257B05AD00F2965D /* Frameworks */ = {
			isa = PBXFrameworksBuildPhase;
			buildActionMask = 2147483647;
			files = (
			);
			runOnlyForDeploymentPostprocessing = 0;
		};
/* End PBXFrameworksBuildPhase section */

/* Begin PBXGroup section */
		5335B9BB257BF88B0060F050 /* Table View  */ = {
			isa = PBXGroup;
			children = (
				5335B9BD257BF8B00060F050 /* DataSource */,
				5335B9BC257BF8AB0060F050 /* Delegate */,
			);
			path = "Table View ";
			sourceTree = "<group>";
		};
		5335B9BC257BF8AB0060F050 /* Delegate */ = {
			isa = PBXGroup;
			children = (
				5335B9C2257BF9010060F050 /* TableView_Delegate.swift */,
			);
			path = Delegate;
			sourceTree = "<group>";
		};
		5335B9BD257BF8B00060F050 /* DataSource */ = {
			isa = PBXGroup;
			children = (
				5335B9BE257BF8C60060F050 /* TableView_DataSource.swift */,
			);
			path = DataSource;
			sourceTree = "<group>";
		};
		5373C62E257BF59C0021CF06 /* TableViewCell */ = {
			isa = PBXGroup;
			children = (
				53A32BBE257C62E200D2EC6A /* Cell Components */,
				53A32BBD257C62D300D2EC6A /* Constraints */,
				53A32BBA257C61B600D2EC6A /* JSONCell.swift */,
			);
			path = TableViewCell;
			sourceTree = "<group>";
		};
		5373C632257BF63A0021CF06 /* UserController */ = {
			isa = PBXGroup;
			children = (
				53C963D7257B0C8E00F2965D /* BackgroundView_Extension.swift */,
				53EACE8C257D7122007CE6AF /* Pass_Data_Segue.swift */,
			);
			path = UserController;
			sourceTree = "<group>";
		};
		5373C633257BF6450021CF06 /* Constraints */ = {
			isa = PBXGroup;
			children = (
				5373C634257BF65B0021CF06 /* Table View Constraints */,
			);
			path = Constraints;
			sourceTree = "<group>";
		};
		5373C634257BF65B0021CF06 /* Table View Constraints */ = {
			isa = PBXGroup;
			children = (
				5373C635257BF6730021CF06 /* Table_View_Constraints.swift */,
			);
			path = "Table View Constraints";
			sourceTree = "<group>";
		};
		53A32BBD257C62D300D2EC6A /* Constraints */ = {
			isa = PBXGroup;
			children = (
				53A32BC6257C64DD00D2EC6A /* LabelConstraints.swift */,
			);
			path = Constraints;
			sourceTree = "<group>";
		};
		53A32BBE257C62E200D2EC6A /* Cell Components */ = {
			isa = PBXGroup;
			children = (
				53A32BBF257C639E00D2EC6A /* NameLabel.swift */,
				53A32BC3257C63A600D2EC6A /* EmailLabel.swift */,
			);
			path = "Cell Components";
			sourceTree = "<group>";
		};
		53C963A3257B05AD00F2965D = {
			isa = PBXGroup;
			children = (
				53C963AE257B05AD00F2965D /* UsersJSON */,
				53C963AD257B05AD00F2965D /* Products */,
			);
			sourceTree = "<group>";
		};
		53C963AD257B05AD00F2965D /* Products */ = {
			isa = PBXGroup;
			children = (
				53C963AC257B05AD00F2965D /* UsersJSON.app */,
			);
			name = Products;
			sourceTree = "<group>";
		};
		53C963AE257B05AD00F2965D /* UsersJSON */ = {
			isa = PBXGroup;
			children = (
				53DD753B257C06A9002F6981 /* Screen */,
				53C963D4257B0C4A00F2965D /* Extensions */,
				53C963CF257B066900F2965D /* Constants */,
				53C963CB257B064F00F2965D /* Model */,
				53C963CA257B062C00F2965D /* Components */,
				53C963C9257B062700F2965D /* JSON */,
				53C963C8257B062000F2965D /* Assets */,
				53C963C7257B061100F2965D /* App_SceneDelegate */,
				53C963BA257B05AE00F2965D /* LaunchScreen.storyboard */,
				53C963BD257B05AE00F2965D /* Info.plist */,
			);
			path = UsersJSON;
			sourceTree = "<group>";
		};
		53C963C7257B061100F2965D /* App_SceneDelegate */ = {
			isa = PBXGroup;
			children = (
				53C963AF257B05AD00F2965D /* AppDelegate.swift */,
				53C963B1257B05AD00F2965D /* SceneDelegate.swift */,
			);
			path = App_SceneDelegate;
			sourceTree = "<group>";
		};
		53C963C8257B062000F2965D /* Assets */ = {
			isa = PBXGroup;
			children = (
				53C963B8257B05AE00F2965D /* Assets.xcassets */,
			);
			path = Assets;
			sourceTree = "<group>";
		};
		53C963C9257B062700F2965D /* JSON */ = {
			isa = PBXGroup;
			children = (
				53C963D6257B0C6200F2965D /* JSON Extensions */,
				53C963D5257B0C5400F2965D /* User */,
			);
			path = JSON;
			sourceTree = "<group>";
		};
		53C963CA257B062C00F2965D /* Components */ = {
			isa = PBXGroup;
			children = (
				53EACE80257D68AA007CE6AF /* DetailView Components */,
				53C963DF257B0E3200F2965D /* Table View */,
			);
			path = Components;
			sourceTree = "<group>";
		};
		53C963CB257B064F00F2965D /* Model */ = {
			isa = PBXGroup;
			children = (
				53F8A0D8257C056F0086A089 /* Extra Data */,
				53F8A0D7257C05630086A089 /* User */,
			);
			path = Model;
			sourceTree = "<group>";
		};
		53C963CF257B066900F2965D /* Constants */ = {
			isa = PBXGroup;
			children = (
				53C963D0257B07AE00F2965D /* Constants.swift */,
			);
			path = Constants;
			sourceTree = "<group>";
		};
		53C963D4257B0C4A00F2965D /* Extensions */ = {
			isa = PBXGroup;
			children = (
				53EAB7FE257D300300085AA9 /* DetailScreen */,
				5335B9BB257BF88B0060F050 /* Table View  */,
				5373C633257BF6450021CF06 /* Constraints */,
				5373C632257BF63A0021CF06 /* UserController */,
			);
			path = Extensions;
			sourceTree = "<group>";
		};
		53C963D5257B0C5400F2965D /* User */ = {
			isa = PBXGroup;
			children = (
				53C963CC257B066100F2965D /* users.json */,
			);
			path = User;
			sourceTree = "<group>";
		};
		53C963D6257B0C6200F2965D /* JSON Extensions */ = {
			isa = PBXGroup;
			children = (
				53228800257BFD6B0066D50F /* JSON_Decodable.swift */,
			);
			path = "JSON Extensions";
			sourceTree = "<group>";
		};
		53C963DF257B0E3200F2965D /* Table View */ = {
			isa = PBXGroup;
			children = (
				5373C62E257BF59C0021CF06 /* TableViewCell */,
				5373C62F257BF5B80021CF06 /* Table+View.swift */,
			);
			path = "Table View";
			sourceTree = "<group>";
		};
		53DD753B257C06A9002F6981 /* Screen */ = {
			isa = PBXGroup;
			children = (
				53C963B3257B05AD00F2965D /* UserController.swift */,
				53EAB7FB257D2EE700085AA9 /* DetailScreen.swift */,
			);
			path = Screen;
			sourceTree = "<group>";
		};
		53EAB7FE257D300300085AA9 /* DetailScreen */ = {
			isa = PBXGroup;
			children = (
				53EAB7FF257D301C00085AA9 /* DetailScreenView.swift */,
				53EACE7D257D685C007CE6AF /* Detail_Info.swift */,
			);
			path = DetailScreen;
			sourceTree = "<group>";
		};
		53EACE80257D68AA007CE6AF /* DetailView Components */ = {
			isa = PBXGroup;
			children = (
				53EACE81257D68D3007CE6AF /* Detail_Name_Label.swift */,
				53EACE85257D68ED007CE6AF /* Detail+Email+Label.swift */,
				53EACE88257D68FC007CE6AF /* Detail+Number+Label.swift */,
			);
			path = "DetailView Components";
			sourceTree = "<group>";
		};
		53F8A0D7257C05630086A089 /* User */ = {
			isa = PBXGroup;
			children = (
				532287F7257BFB3C0066D50F /* User.swift */,
			);
			path = User;
			sourceTree = "<group>";
		};
		53F8A0D8257C056F0086A089 /* Extra Data */ = {
			isa = PBXGroup;
			children = (
				53F8A0D1257C05300086A089 /* UserContact.swift */,
				532287FD257BFD2C0066D50F /* UserLocation.swift */,
			);
			path = "Extra Data";
			sourceTree = "<group>";
		};
/* End PBXGroup section */

/* Begin PBXNativeTarget section */
		53C963AB257B05AD00F2965D /* UsersJSON */ = {
			isa = PBXNativeTarget;
			buildConfigurationList = 53C963C0257B05AE00F2965D /* Build configuration list for PBXNativeTarget "UsersJSON" */;
			buildPhases = (
				53C963A8257B05AD00F2965D /* Sources */,
				53C963A9257B05AD00F2965D /* Frameworks */,
				53C963AA257B05AD00F2965D /* Resources */,
			);
			buildRules = (
			);
			dependencies = (
			);
			name = UsersJSON;
			productName = UsersJSON;
			productReference = 53C963AC257B05AD00F2965D /* UsersJSON.app */;
			productType = "com.apple.product-type.application";
		};
/* End PBXNativeTarget section */

/* Begin PBXProject section */
		53C963A4257B05AD00F2965D /* Project object */ = {
			isa = PBXProject;
			attributes = {
				LastSwiftUpdateCheck = 1220;
				LastUpgradeCheck = 1220;
				TargetAttributes = {
					53C963AB257B05AD00F2965D = {
						CreatedOnToolsVersion = 12.2;
					};
				};
			};
			buildConfigurationList = 53C963A7257B05AD00F2965D /* Build configuration list for PBXProject "UsersJSON" */;
			compatibilityVersion = "Xcode 9.3";
			developmentRegion = en;
			hasScannedForEncodings = 0;
			knownRegions = (
				en,
				Base,
			);
			mainGroup = 53C963A3257B05AD00F2965D;
			productRefGroup = 53C963AD257B05AD00F2965D /* Products */;
			projectDirPath = "";
			projectRoot = "";
			targets = (
				53C963AB257B05AD00F2965D /* UsersJSON */,
			);
		};
/* End PBXProject section */

/* Begin PBXResourcesBuildPhase section */
		53C963AA257B05AD00F2965D /* Resources */ = {
			isa = PBXResourcesBuildPhase;
			buildActionMask = 2147483647;
			files = (
				53C963CD257B066100F2965D /* users.json in Resources */,
				53C963BC257B05AE00F2965D /* LaunchScreen.storyboard in Resources */,
				53C963B9257B05AE00F2965D /* Assets.xcassets in Resources */,
			);
			runOnlyForDeploymentPostprocessing = 0;
		};
/* End PBXResourcesBuildPhase section */

/* Begin PBXSourcesBuildPhase section */
		53C963A8257B05AD00F2965D /* Sources */ = {
			isa = PBXSourcesBuildPhase;
			buildActionMask = 2147483647;
			files = (
				53C963B4257B05AD00F2965D /* UserController.swift in Sources */,
				53A32BC7257C64DD00D2EC6A /* LabelConstraints.swift in Sources */,
				53EACE7E257D685C007CE6AF /* Detail_Info.swift in Sources */,
				53F8A0D2257C05300086A089 /* UserContact.swift in Sources */,
				5373C630257BF5B80021CF06 /* Table+View.swift in Sources */,
				5335B9BF257BF8C60060F050 /* TableView_DataSource.swift in Sources */,
				53C963D8257B0C8E00F2965D /* BackgroundView_Extension.swift in Sources */,
				53EACE82257D68D3007CE6AF /* Detail_Name_Label.swift in Sources */,
				53EACE89257D68FC007CE6AF /* Detail+Number+Label.swift in Sources */,
				53C963B0257B05AD00F2965D /* AppDelegate.swift in Sources */,
				53A32BBB257C61B600D2EC6A /* JSONCell.swift in Sources */,
				53EAB800257D301C00085AA9 /* DetailScreenView.swift in Sources */,
				53EAB7FC257D2EE700085AA9 /* DetailScreen.swift in Sources */,
				53228801257BFD6B0066D50F /* JSON_Decodable.swift in Sources */,
				53A32BC4257C63A600D2EC6A /* EmailLabel.swift in Sources */,
				53C963B2257B05AD00F2965D /* SceneDelegate.swift in Sources */,
				53EACE8D257D7122007CE6AF /* Pass_Data_Segue.swift in Sources */,
				5335B9C3257BF9010060F050 /* TableView_Delegate.swift in Sources */,
				53A32BC0257C639E00D2EC6A /* NameLabel.swift in Sources */,
				5373C636257BF6730021CF06 /* Table_View_Constraints.swift in Sources */,
				532287FE257BFD2C0066D50F /* UserLocation.swift in Sources */,
				532287F8257BFB3C0066D50F /* User.swift in Sources */,
				53EACE86257D68ED007CE6AF /* Detail+Email+Label.swift in Sources */,
				53C963D1257B07AE00F2965D /* Constants.swift in Sources */,
			);
			runOnlyForDeploymentPostprocessing = 0;
		};
/* End PBXSourcesBuildPhase section */

/* Begin PBXVariantGroup section */
		53C963BA257B05AE00F2965D /* LaunchScreen.storyboard */ = {
			isa = PBXVariantGroup;
			children = (
				53C963BB257B05AE00F2965D /* Base */,
			);
			name = LaunchScreen.storyboard;
			sourceTree = "<group>";
		};
/* End PBXVariantGroup section */

/* Begin XCBuildConfiguration section */
		53C963BE257B05AE00F2965D /* Debug */ = {
			isa = XCBuildConfiguration;
			buildSettings = {
				ALWAYS_SEARCH_USER_PATHS = NO;
				CLANG_ANALYZER_NONNULL = YES;
				CLANG_ANALYZER_NUMBER_OBJECT_CONVERSION = YES_AGGRESSIVE;
				CLANG_CXX_LANGUAGE_STANDARD = "gnu++14";
				CLANG_CXX_LIBRARY = "libc++";
				CLANG_ENABLE_MODULES = YES;
				CLANG_ENABLE_OBJC_ARC = YES;
				CLANG_ENABLE_OBJC_WEAK = YES;
				CLANG_WARN_BLOCK_CAPTURE_AUTORELEASING = YES;
				CLANG_WARN_BOOL_CONVERSION = YES;
				CLANG_WARN_COMMA = YES;
				CLANG_WARN_CONSTANT_CONVERSION = YES;
				CLANG_WARN_DEPRECATED_OBJC_IMPLEMENTATIONS = YES;
				CLANG_WARN_DIRECT_OBJC_ISA_USAGE = YES_ERROR;
				CLANG_WARN_DOCUMENTATION_COMMENTS = YES;
				CLANG_WARN_EMPTY_BODY = YES;
				CLANG_WARN_ENUM_CONVERSION = YES;
				CLANG_WARN_INFINITE_RECURSION = YES;
				CLANG_WARN_INT_CONVERSION = YES;
				CLANG_WARN_NON_LITERAL_NULL_CONVERSION = YES;
				CLANG_WARN_OBJC_IMPLICIT_RETAIN_SELF = YES;
				CLANG_WARN_OBJC_LITERAL_CONVERSION = YES;
				CLANG_WARN_OBJC_ROOT_CLASS = YES_ERROR;
				CLANG_WARN_QUOTED_INCLUDE_IN_FRAMEWORK_HEADER = YES;
				CLANG_WARN_RANGE_LOOP_ANALYSIS = YES;
				CLANG_WARN_STRICT_PROTOTYPES = YES;
				CLANG_WARN_SUSPICIOUS_MOVE = YES;
				CLANG_WARN_UNGUARDED_AVAILABILITY = YES_AGGRESSIVE;
				CLANG_WARN_UNREACHABLE_CODE = YES;
				CLANG_WARN__DUPLICATE_METHOD_MATCH = YES;
				COPY_PHASE_STRIP = NO;
				DEBUG_INFORMATION_FORMAT = dwarf;
				ENABLE_STRICT_OBJC_MSGSEND = YES;
				ENABLE_TESTABILITY = YES;
				GCC_C_LANGUAGE_STANDARD = gnu11;
				GCC_DYNAMIC_NO_PIC = NO;
				GCC_NO_COMMON_BLOCKS = YES;
				GCC_OPTIMIZATION_LEVEL = 0;
				GCC_PREPROCESSOR_DEFINITIONS = (
					"DEBUG=1",
					"$(inherited)",
				);
				GCC_WARN_64_TO_32_BIT_CONVERSION = YES;
				GCC_WARN_ABOUT_RETURN_TYPE = YES_ERROR;
				GCC_WARN_UNDECLARED_SELECTOR = YES;
				GCC_WARN_UNINITIALIZED_AUTOS = YES_AGGRESSIVE;
				GCC_WARN_UNUSED_FUNCTION = YES;
				GCC_WARN_UNUSED_VARIABLE = YES;
				IPHONEOS_DEPLOYMENT_TARGET = 14.2;
				MTL_ENABLE_DEBUG_INFO = INCLUDE_SOURCE;
				MTL_FAST_MATH = YES;
				ONLY_ACTIVE_ARCH = YES;
				SDKROOT = iphoneos;
				SWIFT_ACTIVE_COMPILATION_CONDITIONS = DEBUG;
				SWIFT_OPTIMIZATION_LEVEL = "-Onone";
			};
			name = Debug;
		};
		53C963BF257B05AE00F2965D /* Release */ = {
			isa = XCBuildConfiguration;
			buildSettings = {
				ALWAYS_SEARCH_USER_PATHS = NO;
				CLANG_ANALYZER_NONNULL = YES;
				CLANG_ANALYZER_NUMBER_OBJECT_CONVERSION = YES_AGGRESSIVE;
				CLANG_CXX_LANGUAGE_STANDARD = "gnu++14";
				CLANG_CXX_LIBRARY = "libc++";
				CLANG_ENABLE_MODULES = YES;
				CLANG_ENABLE_OBJC_ARC = YES;
				CLANG_ENABLE_OBJC_WEAK = YES;
				CLANG_WARN_BLOCK_CAPTURE_AUTORELEASING = YES;
				CLANG_WARN_BOOL_CONVERSION = YES;
				CLANG_WARN_COMMA = YES;
				CLANG_WARN_CONSTANT_CONVERSION = YES;
				CLANG_WARN_DEPRECATED_OBJC_IMPLEMENTATIONS = YES;
				CLANG_WARN_DIRECT_OBJC_ISA_USAGE = YES_ERROR;
				CLANG_WARN_DOCUMENTATION_COMMENTS = YES;
				CLANG_WARN_EMPTY_BODY = YES;
				CLANG_WARN_ENUM_CONVERSION = YES;
				CLANG_WARN_INFINITE_RECURSION = YES;
				CLANG_WARN_INT_CONVERSION = YES;
				CLANG_WARN_NON_LITERAL_NULL_CONVERSION = YES;
				CLANG_WARN_OBJC_IMPLICIT_RETAIN_SELF = YES;
				CLANG_WARN_OBJC_LITERAL_CONVERSION = YES;
				CLANG_WARN_OBJC_ROOT_CLASS = YES_ERROR;
				CLANG_WARN_QUOTED_INCLUDE_IN_FRAMEWORK_HEADER = YES;
				CLANG_WARN_RANGE_LOOP_ANALYSIS = YES;
				CLANG_WARN_STRICT_PROTOTYPES = YES;
				CLANG_WARN_SUSPICIOUS_MOVE = YES;
				CLANG_WARN_UNGUARDED_AVAILABILITY = YES_AGGRESSIVE;
				CLANG_WARN_UNREACHABLE_CODE = YES;
				CLANG_WARN__DUPLICATE_METHOD_MATCH = YES;
				COPY_PHASE_STRIP = NO;
				DEBUG_INFORMATION_FORMAT = "dwarf-with-dsym";
				ENABLE_NS_ASSERTIONS = NO;
				ENABLE_STRICT_OBJC_MSGSEND = YES;
				GCC_C_LANGUAGE_STANDARD = gnu11;
				GCC_NO_COMMON_BLOCKS = YES;
				GCC_WARN_64_TO_32_BIT_CONVERSION = YES;
				GCC_WARN_ABOUT_RETURN_TYPE = YES_ERROR;
				GCC_WARN_UNDECLARED_SELECTOR = YES;
				GCC_WARN_UNINITIALIZED_AUTOS = YES_AGGRESSIVE;
				GCC_WARN_UNUSED_FUNCTION = YES;
				GCC_WARN_UNUSED_VARIABLE = YES;
				IPHONEOS_DEPLOYMENT_TARGET = 14.2;
				MTL_ENABLE_DEBUG_INFO = NO;
				MTL_FAST_MATH = YES;
				SDKROOT = iphoneos;
				SWIFT_COMPILATION_MODE = wholemodule;
				SWIFT_OPTIMIZATION_LEVEL = "-O";
				VALIDATE_PRODUCT = YES;
			};
			name = Release;
		};
		53C963C1257B05AE00F2965D /* Debug */ = {
			isa = XCBuildConfiguration;
			buildSettings = {
				ASSETCATALOG_COMPILER_APPICON_NAME = AppIcon;
				ASSETCATALOG_COMPILER_GLOBAL_ACCENT_COLOR_NAME = AccentColor;
				CODE_SIGN_STYLE = Automatic;
				DEVELOPMENT_TEAM = WPR3K55VLC;
				INFOPLIST_FILE = UsersJSON/Info.plist;
				LD_RUNPATH_SEARCH_PATHS = (
					"$(inherited)",
					"@executable_path/Frameworks",
				);
				PRODUCT_BUNDLE_IDENTIFIER = me.francis.christian.UsersJSON;
				PRODUCT_NAME = "$(TARGET_NAME)";
				SWIFT_VERSION = 5.0;
				TARGETED_DEVICE_FAMILY = 1;
			};
			name = Debug;
		};
		53C963C2257B05AE00F2965D /* Release */ = {
			isa = XCBuildConfiguration;
			buildSettings = {
				ASSETCATALOG_COMPILER_APPICON_NAME = AppIcon;
				ASSETCATALOG_COMPILER_GLOBAL_ACCENT_COLOR_NAME = AccentColor;
				CODE_SIGN_STYLE = Automatic;
				DEVELOPMENT_TEAM = WPR3K55VLC;
				INFOPLIST_FILE = UsersJSON/Info.plist;
				LD_RUNPATH_SEARCH_PATHS = (
					"$(inherited)",
					"@executable_path/Frameworks",
				);
				PRODUCT_BUNDLE_IDENTIFIER = me.francis.christian.UsersJSON;
				PRODUCT_NAME = "$(TARGET_NAME)";
				SWIFT_VERSION = 5.0;
				TARGETED_DEVICE_FAMILY = 1;
			};
			name = Release;
		};
/* End XCBuildConfiguration section */

/* Begin XCConfigurationList section */
		53C963A7257B05AD00F2965D /* Build configuration list for PBXProject "UsersJSON" */ = {
			isa = XCConfigurationList;
			buildConfigurations = (
				53C963BE257B05AE00F2965D /* Debug */,
				53C963BF257B05AE00F2965D /* Release */,
			);
			defaultConfigurationIsVisible = 0;
			defaultConfigurationName = Release;
		};
		53C963C0257B05AE00F2965D /* Build configuration list for PBXNativeTarget "UsersJSON" */ = {
			isa = XCConfigurationList;
			buildConfigurations = (
				53C963C1257B05AE00F2965D /* Debug */,
				53C963C2257B05AE00F2965D /* Release */,
			);
			defaultConfigurationIsVisible = 0;
			defaultConfigurationName = Release;
		};
/* End XCConfigurationList section */
	};
	rootObject = 53C963A4257B05AD00F2965D /* Project object */;
}
